
Microsoft Visual Studio Solution File, Format Version 12.00
# Visual Studio 15
VisualStudioVersion = 15.0.27004.2008
MinimumVisualStudioVersion = 10.0.40219.1
Project("{8BC9CEB8-8B4A-11D0-8D11-00A0C91BC942}") = "rockpaperscissors", "rockpaperscissors\rockpaperscissors.vcxproj", "{82A68F4A-A4C0-48A1-AE37-FA15E622014D}"
EndProject
Global
	GlobalSection(SolutionConfigurationPlatforms) = preSolution
		Debug|x64 = Debug|x64
		Debug|x86 = Debug|x86
		Release|x64 = Release|x64
		Release|x86 = Release|x86
	EndGlobalSection
	GlobalSection(ProjectConfigurationPlatforms) = postSolution
		{82A68F4A-A4C0-48A1-AE37-FA15E622014D}.Debug|x64.ActiveCfg = Debug|x64
		{82A68F4A-A4C0-48A1-AE37-FA15E622014D}.Debug|x64.Build.0 = Debug|x64
		{82A68F4A-A4C0-48A1-AE37-FA15E622014D}.Debug|x86.ActiveCfg = Debug|Win32
		{82A68F4A-A4C0-48A1-AE37-FA15E622014D}.Debug|x86.Build.0 = Debug|Win32
		{82A68F4A-A4C0-48A1-AE37-FA15E622014D}.Release|x64.ActiveCfg = Release|x64
		{82A68F4A-A4C0-48A1-AE37-FA15E622014D}.Release|x64.Build.0 = Release|x64
		{82A68F4A-A4C0-48A1-AE37-FA15E622014D}.Release|x86.ActiveCfg = Release|Win32
		{82A68F4A-A4C0-48A1-AE37-FA15E622014D}.Release|x86.Build.0 = Release|Win32
	EndGlobalSection
	GlobalSection(SolutionProperties) = preSolution
		HideSolutionNode = FALSE
	EndGlobalSection
	GlobalSection(ExtensibilityGlobals) = postSolution
		SolutionGuid = {8C156722-54A1-4166-A274-BB08FACBF973}
	EndGlobalSection
EndGlobal
